// !$*UTF8*$!
{
	archiveVersion = 1;
	classes = {
	};
	objectVersion = 50;
	objects = {

/* Begin PBXBuildFile section */
		434340F0255E037700F03CE3 /* AppDelegate.swift in Sources */ = {isa = PBXBuildFile; fileRef = 434340EF255E037700F03CE3 /* AppDelegate.swift */; };
		434340F2255E037700F03CE3 /* SceneDelegate.swift in Sources */ = {isa = PBXBuildFile; fileRef = 434340F1255E037700F03CE3 /* SceneDelegate.swift */; };
		434340F7255E037700F03CE3 /* Main.storyboard in Resources */ = {isa = PBXBuildFile; fileRef = 434340F5255E037700F03CE3 /* Main.storyboard */; };
		434340F9255E037900F03CE3 /* Assets.xcassets in Resources */ = {isa = PBXBuildFile; fileRef = 434340F8255E037900F03CE3 /* Assets.xcassets */; };
		434340FC255E037900F03CE3 /* LaunchScreen.storyboard in Resources */ = {isa = PBXBuildFile; fileRef = 434340FA255E037900F03CE3 /* LaunchScreen.storyboard */; };
		434341232563388700F03CE3 /* TreeStructureViewController.swift in Sources */ = {isa = PBXBuildFile; fileRef = 434341222563388700F03CE3 /* TreeStructureViewController.swift */; };
		4343412B256338D200F03CE3 /* SecondLevelViewController.swift in Sources */ = {isa = PBXBuildFile; fileRef = 4343412A256338D200F03CE3 /* SecondLevelViewController.swift */; };
		43434130256338DE00F03CE3 /* ThirdLevelViewController.swift in Sources */ = {isa = PBXBuildFile; fileRef = 4343412F256338DE00F03CE3 /* ThirdLevelViewController.swift */; };
		434341352563392700F03CE3 /* Page.swift in Sources */ = {isa = PBXBuildFile; fileRef = 434341342563392700F03CE3 /* Page.swift */; };
/* End PBXBuildFile section */

/* Begin PBXFileReference section */
		434340EC255E037700F03CE3 /* MAD9137_Assignment3.app */ = {isa = PBXFileReference; explicitFileType = wrapper.application; includeInIndex = 0; path = MAD9137_Assignment3.app; sourceTree = BUILT_PRODUCTS_DIR; };
		434340EF255E037700F03CE3 /* AppDelegate.swift */ = {isa = PBXFileReference; lastKnownFileType = sourcecode.swift; path = AppDelegate.swift; sourceTree = "<group>"; };
		434340F1255E037700F03CE3 /* SceneDelegate.swift */ = {isa = PBXFileReference; lastKnownFileType = sourcecode.swift; path = SceneDelegate.swift; sourceTree = "<group>"; };
		434340F6255E037700F03CE3 /* Base */ = {isa = PBXFileReference; lastKnownFileType = file.storyboard; name = Base; path = Base.lproj/Main.storyboard; sourceTree = "<group>"; };
		434340F8255E037900F03CE3 /* Assets.xcassets */ = {isa = PBXFileReference; lastKnownFileType = folder.assetcatalog; path = Assets.xcassets; sourceTree = "<group>"; };
		434340FB255E037900F03CE3 /* Base */ = {isa = PBXFileReference; lastKnownFileType = file.storyboard; name = Base; path = Base.lproj/LaunchScreen.storyboard; sourceTree = "<group>"; };
		434340FD255E037900F03CE3 /* Info.plist */ = {isa = PBXFileReference; lastKnownFileType = text.plist.xml; path = Info.plist; sourceTree = "<group>"; };
		43434106255E037900F03CE3 /* MAD9137_Assignment3Tests.swift */ = {isa = PBXFileReference; lastKnownFileType = sourcecode.swift; path = MAD9137_Assignment3Tests.swift; sourceTree = "<group>"; };
		43434108255E037900F03CE3 /* Info.plist */ = {isa = PBXFileReference; lastKnownFileType = text.plist.xml; path = Info.plist; sourceTree = "<group>"; };
		43434111255E037900F03CE3 /* MAD9137_Assignment3UITests.swift */ = {isa = PBXFileReference; lastKnownFileType = sourcecode.swift; path = MAD9137_Assignment3UITests.swift; sourceTree = "<group>"; };
		43434113255E037900F03CE3 /* Info.plist */ = {isa = PBXFileReference; lastKnownFileType = text.plist.xml; path = Info.plist; sourceTree = "<group>"; };
		434341222563388700F03CE3 /* TreeStructureViewController.swift */ = {isa = PBXFileReference; lastKnownFileType = sourcecode.swift; path = TreeStructureViewController.swift; sourceTree = "<group>"; };
		4343412A256338D200F03CE3 /* SecondLevelViewController.swift */ = {isa = PBXFileReference; lastKnownFileType = sourcecode.swift; path = SecondLevelViewController.swift; sourceTree = "<group>"; };
		4343412F256338DE00F03CE3 /* ThirdLevelViewController.swift */ = {isa = PBXFileReference; lastKnownFileType = sourcecode.swift; path = ThirdLevelViewController.swift; sourceTree = "<group>"; };
		434341342563392700F03CE3 /* Page.swift */ = {isa = PBXFileReference; lastKnownFileType = sourcecode.swift; path = Page.swift; sourceTree = "<group>"; };
/* End PBXFileReference section */

/* Begin PBXFrameworksBuildPhase section */
		434340E9255E037700F03CE3 /* Frameworks */ = {
			isa = PBXFrameworksBuildPhase;
			buildActionMask = 2147483647;
			files = (
			);
			runOnlyForDeploymentPostprocessing = 0;
		};
/* End PBXFrameworksBuildPhase section */

/* Begin PBXGroup section */
		434340E3255E037700F03CE3 = {
			isa = PBXGroup;
			children = (
				434340EE255E037700F03CE3 /* MAD9137_Assignment3 */,
				43434105255E037900F03CE3 /* MAD9137_Assignment3Tests */,
				43434110255E037900F03CE3 /* MAD9137_Assignment3UITests */,
				434340ED255E037700F03CE3 /* Products */,
			);
			sourceTree = "<group>";
		};
		434340ED255E037700F03CE3 /* Products */ = {
			isa = PBXGroup;
			children = (
				434340EC255E037700F03CE3 /* MAD9137_Assignment3.app */,
			);
			name = Products;
			sourceTree = "<group>";
		};
		434340EE255E037700F03CE3 /* MAD9137_Assignment3 */ = {
			isa = PBXGroup;
			children = (
				434340EF255E037700F03CE3 /* AppDelegate.swift */,
				434340F1255E037700F03CE3 /* SceneDelegate.swift */,
				434340F5255E037700F03CE3 /* Main.storyboard */,
				434340F8255E037900F03CE3 /* Assets.xcassets */,
				434340FA255E037900F03CE3 /* LaunchScreen.storyboard */,
				434340FD255E037900F03CE3 /* Info.plist */,
				434341222563388700F03CE3 /* TreeStructureViewController.swift */,
				4343412A256338D200F03CE3 /* SecondLevelViewController.swift */,
				4343412F256338DE00F03CE3 /* ThirdLevelViewController.swift */,
				434341342563392700F03CE3 /* Page.swift */,
			);
			path = MAD9137_Assignment3;
			sourceTree = "<group>";
		};
		43434105255E037900F03CE3 /* MAD9137_Assignment3Tests */ = {
			isa = PBXGroup;
			children = (
				43434106255E037900F03CE3 /* MAD9137_Assignment3Tests.swift */,
				43434108255E037900F03CE3 /* Info.plist */,
			);
			path = MAD9137_Assignment3Tests;
			sourceTree = "<group>";
		};
		43434110255E037900F03CE3 /* MAD9137_Assignment3UITests */ = {
			isa = PBXGroup;
			children = (
				43434111255E037900F03CE3 /* MAD9137_Assignment3UITests.swift */,
				43434113255E037900F03CE3 /* Info.plist */,
			);
			path = MAD9137_Assignment3UITests;
			sourceTree = "<group>";
		};
/* End PBXGroup section */

/* Begin PBXNativeTarget section */
		434340EB255E037700F03CE3 /* MAD9137_Assignment3 */ = {
			isa = PBXNativeTarget;
			buildConfigurationList = 43434116255E037900F03CE3 /* Build configuration list for PBXNativeTarget "MAD9137_Assignment3" */;
			buildPhases = (
				434340E8255E037700F03CE3 /* Sources */,
				434340E9255E037700F03CE3 /* Frameworks */,
				434340EA255E037700F03CE3 /* Resources */,
			);
			buildRules = (
			);
			dependencies = (
			);
			name = MAD9137_Assignment3;
			productName = MAD9137_Assignment3;
			productReference = 434340EC255E037700F03CE3 /* MAD9137_Assignment3.app */;
			productType = "com.apple.product-type.application";
		};
/* End PBXNativeTarget section */

/* Begin PBXProject section */
		434340E4255E037700F03CE3 /* Project object */ = {
			isa = PBXProject;
			attributes = {
				LastSwiftUpdateCheck = 1210;
				LastUpgradeCheck = 1210;
				TargetAttributes = {
					434340EB255E037700F03CE3 = {
						CreatedOnToolsVersion = 12.1;
					};
				};
			};
			buildConfigurationList = 434340E7255E037700F03CE3 /* Build configuration list for PBXProject "MAD9137_Assignment3" */;
			compatibilityVersion = "Xcode 9.3";
			developmentRegion = en;
			hasScannedForEncodings = 0;
			knownRegions = (
				en,
				Base,
			);
			mainGroup = 434340E3255E037700F03CE3;
			productRefGroup = 434340ED255E037700F03CE3 /* Products */;
			projectDirPath = "";
			projectRoot = "";
			targets = (
				434340EB255E037700F03CE3 /* MAD9137_Assignment3 */,
			);
		};
/* End PBXProject section */

/* Begin PBXResourcesBuildPhase section */
		434340EA255E037700F03CE3 /* Resources */ = {
			isa = PBXResourcesBuildPhase;
			buildActionMask = 2147483647;
			files = (
				434340FC255E037900F03CE3 /* LaunchScreen.storyboard in Resources */,
				434340F9255E037900F03CE3 /* Assets.xcassets in Resources */,
				434340F7255E037700F03CE3 /* Main.storyboard in Resources */,
			);
			runOnlyForDeploymentPostprocessing = 0;
		};
/* End PBXResourcesBuildPhase section */

/* Begin PBXSourcesBuildPhase section */
		434340E8255E037700F03CE3 /* Sources */ = {
			isa = PBXSourcesBuildPhase;
			buildActionMask = 2147483647;
			files = (
				434341232563388700F03CE3 /* TreeStructureViewController.swift in Sources */,
				4343412B256338D200F03CE3 /* SecondLevelViewController.swift in Sources */,
				434341352563392700F03CE3 /* Page.swift in Sources */,
				43434130256338DE00F03CE3 /* ThirdLevelViewController.swift in Sources */,
				434340F0255E037700F03CE3 /* AppDelegate.swift in Sources */,
				434340F2255E037700F03CE3 /* SceneDelegate.swift in Sources */,
			);
			runOnlyForDeploymentPostprocessing = 0;
		};
/* End PBXSourcesBuildPhase section */

/* Begin PBXVariantGroup section */
		434340F5255E037700F03CE3 /* Main.storyboard */ = {
			isa = PBXVariantGroup;
			children = (
				434340F6255E037700F03CE3 /* Base */,
			);
			name = Main.storyboard;
			sourceTree = "<group>";
		};
		434340FA255E037900F03CE3 /* LaunchScreen.storyboard */ = {
			isa = PBXVariantGroup;
			children = (
				434340FB255E037900F03CE3 /* Base */,
			);
			name = LaunchScreen.storyboard;
			sourceTree = "<group>";
		};
/* End PBXVariantGroup section */

/* Begin XCBuildConfiguration section */
		43434114255E037900F03CE3 /* Debug */ = {
			isa = XCBuildConfiguration;
			buildSettings = {
				ALWAYS_SEARCH_USER_PATHS = NO;
				CLANG_ANALYZER_NONNULL = YES;
				CLANG_ANALYZER_NUMBER_OBJECT_CONVERSION = YES_AGGRESSIVE;
				CLANG_CXX_LANGUAGE_STANDARD = "gnu++14";
				CLANG_CXX_LIBRARY = "libc++";
				CLANG_ENABLE_MODULES = YES;
				CLANG_ENABLE_OBJC_ARC = YES;
				CLANG_ENABLE_OBJC_WEAK = YES;
				CLANG_WARN_BLOCK_CAPTURE_AUTORELEASING = YES;
				CLANG_WARN_BOOL_CONVERSION = YES;
				CLANG_WARN_COMMA = YES;
				CLANG_WARN_CONSTANT_CONVERSION = YES;
				CLANG_WARN_DEPRECATED_OBJC_IMPLEMENTATIONS = YES;
				CLANG_WARN_DIRECT_OBJC_ISA_USAGE = YES_ERROR;
				CLANG_WARN_DOCUMENTATION_COMMENTS = YES;
				CLANG_WARN_EMPTY_BODY = YES;
				CLANG_WARN_ENUM_CONVERSION = YES;
				CLANG_WARN_INFINITE_RECURSION = YES;
				CLANG_WARN_INT_CONVERSION = YES;
				CLANG_WARN_NON_LITERAL_NULL_CONVERSION = YES;
				CLANG_WARN_OBJC_IMPLICIT_RETAIN_SELF = YES;
				CLANG_WARN_OBJC_LITERAL_CONVERSION = YES;
				CLANG_WARN_OBJC_ROOT_CLASS = YES_ERROR;
				CLANG_WARN_QUOTED_INCLUDE_IN_FRAMEWORK_HEADER = YES;
				CLANG_WARN_RANGE_LOOP_ANALYSIS = YES;
				CLANG_WARN_STRICT_PROTOTYPES = YES;
				CLANG_WARN_SUSPICIOUS_MOVE = YES;
				CLANG_WARN_UNGUARDED_AVAILABILITY = YES_AGGRESSIVE;
				CLANG_WARN_UNREACHABLE_CODE = YES;
				CLANG_WARN__DUPLICATE_METHOD_MATCH = YES;
				COPY_PHASE_STRIP = NO;
				DEBUG_INFORMATION_FORMAT = dwarf;
				ENABLE_STRICT_OBJC_MSGSEND = YES;
				ENABLE_TESTABILITY = YES;
				GCC_C_LANGUAGE_STANDARD = gnu11;
				GCC_DYNAMIC_NO_PIC = NO;
				GCC_NO_COMMON_BLOCKS = YES;
				GCC_OPTIMIZATION_LEVEL = 0;
				GCC_PREPROCESSOR_DEFINITIONS = (
					"DEBUG=1",
					"$(inherited)",
				);
				GCC_WARN_64_TO_32_BIT_CONVERSION = YES;
				GCC_WARN_ABOUT_RETURN_TYPE = YES_ERROR;
				GCC_WARN_UNDECLARED_SELECTOR = YES;
				GCC_WARN_UNINITIALIZED_AUTOS = YES_AGGRESSIVE;
				GCC_WARN_UNUSED_FUNCTION = YES;
				GCC_WARN_UNUSED_VARIABLE = YES;
				IPHONEOS_DEPLOYMENT_TARGET = 14.1;
				MTL_ENABLE_DEBUG_INFO = INCLUDE_SOURCE;
				MTL_FAST_MATH = YES;
				ONLY_ACTIVE_ARCH = YES;
				SDKROOT = iphoneos;
				SWIFT_ACTIVE_COMPILATION_CONDITIONS = DEBUG;
				SWIFT_OPTIMIZATION_LEVEL = "-Onone";
			};
			name = Debug;
		};
		43434115255E037900F03CE3 /* Release */ = {
			isa = XCBuildConfiguration;
			buildSettings = {
				ALWAYS_SEARCH_USER_PATHS = NO;
				CLANG_ANALYZER_NONNULL = YES;
				CLANG_ANALYZER_NUMBER_OBJECT_CONVERSION = YES_AGGRESSIVE;
				CLANG_CXX_LANGUAGE_STANDARD = "gnu++14";
				CLANG_CXX_LIBRARY = "libc++";
				CLANG_ENABLE_MODULES = YES;
				CLANG_ENABLE_OBJC_ARC = YES;
				CLANG_ENABLE_OBJC_WEAK = YES;
				CLANG_WARN_BLOCK_CAPTURE_AUTORELEASING = YES;
				CLANG_WARN_BOOL_CONVERSION = YES;
				CLANG_WARN_COMMA = YES;
				CLANG_WARN_CONSTANT_CONVERSION = YES;
				CLANG_WARN_DEPRECATED_OBJC_IMPLEMENTATIONS = YES;
				CLANG_WARN_DIRECT_OBJC_ISA_USAGE = YES_ERROR;
				CLANG_WARN_DOCUMENTATION_COMMENTS = YES;
				CLANG_WARN_EMPTY_BODY = YES;
				CLANG_WARN_ENUM_CONVERSION = YES;
				CLANG_WARN_INFINITE_RECURSION = YES;
				CLANG_WARN_INT_CONVERSION = YES;
				CLANG_WARN_NON_LITERAL_NULL_CONVERSION = YES;
				CLANG_WARN_OBJC_IMPLICIT_RETAIN_SELF = YES;
				CLANG_WARN_OBJC_LITERAL_CONVERSION = YES;
				CLANG_WARN_OBJC_ROOT_CLASS = YES_ERROR;
				CLANG_WARN_QUOTED_INCLUDE_IN_FRAMEWORK_HEADER = YES;
				CLANG_WARN_RANGE_LOOP_ANALYSIS = YES;
				CLANG_WARN_STRICT_PROTOTYPES = YES;
				CLANG_WARN_SUSPICIOUS_MOVE = YES;
				CLANG_WARN_UNGUARDED_AVAILABILITY = YES_AGGRESSIVE;
				CLANG_WARN_UNREACHABLE_CODE = YES;
				CLANG_WARN__DUPLICATE_METHOD_MATCH = YES;
				COPY_PHASE_STRIP = NO;
				DEBUG_INFORMATION_FORMAT = "dwarf-with-dsym";
				ENABLE_NS_ASSERTIONS = NO;
				ENABLE_STRICT_OBJC_MSGSEND = YES;
				GCC_C_LANGUAGE_STANDARD = gnu11;
				GCC_NO_COMMON_BLOCKS = YES;
				GCC_WARN_64_TO_32_BIT_CONVERSION = YES;
				GCC_WARN_ABOUT_RETURN_TYPE = YES_ERROR;
				GCC_WARN_UNDECLARED_SELECTOR = YES;
				GCC_WARN_UNINITIALIZED_AUTOS = YES_AGGRESSIVE;
				GCC_WARN_UNUSED_FUNCTION = YES;
				GCC_WARN_UNUSED_VARIABLE = YES;
				IPHONEOS_DEPLOYMENT_TARGET = 14.1;
				MTL_ENABLE_DEBUG_INFO = NO;
				MTL_FAST_MATH = YES;
				SDKROOT = iphoneos;
				SWIFT_COMPILATION_MODE = wholemodule;
				SWIFT_OPTIMIZATION_LEVEL = "-O";
				VALIDATE_PRODUCT = YES;
			};
			name = Release;
		};
		43434117255E037900F03CE3 /* Debug */ = {
			isa = XCBuildConfiguration;
			buildSettings = {
				ASSETCATALOG_COMPILER_APPICON_NAME = AppIcon;
				ASSETCATALOG_COMPILER_GLOBAL_ACCENT_COLOR_NAME = AccentColor;
				CODE_SIGN_STYLE = Automatic;
				DEVELOPMENT_TEAM = 3FF6M9JZ85;
				INFOPLIST_FILE = MAD9137_Assignment3/Info.plist;
				LD_RUNPATH_SEARCH_PATHS = (
					"$(inherited)",
					"@executable_path/Frameworks",
				);
				PRODUCT_BUNDLE_IDENTIFIER = "com.algonquincollege.MAD9137-Assignment3";
				PRODUCT_NAME = "$(TARGET_NAME)";
				SWIFT_VERSION = 5.0;
				TARGETED_DEVICE_FAMILY = "1,2";
			};
			name = Debug;
		};
		43434118255E037900F03CE3 /* Release */ = {
			isa = XCBuildConfiguration;
			buildSettings = {
				ASSETCATALOG_COMPILER_APPICON_NAME = AppIcon;
				ASSETCATALOG_COMPILER_GLOBAL_ACCENT_COLOR_NAME = AccentColor;
				CODE_SIGN_STYLE = Automatic;
				DEVELOPMENT_TEAM = 3FF6M9JZ85;
				INFOPLIST_FILE = MAD9137_Assignment3/Info.plist;
				LD_RUNPATH_SEARCH_PATHS = (
					"$(inherited)",
					"@executable_path/Frameworks",
				);
				PRODUCT_BUNDLE_IDENTIFIER = "com.algonquincollege.MAD9137-Assignment3";
				PRODUCT_NAME = "$(TARGET_NAME)";
				SWIFT_VERSION = 5.0;
				TARGETED_DEVICE_FAMILY = "1,2";
			};
			name = Release;
		};
/* End XCBuildConfiguration section */

/* Begin XCConfigurationList section */
		434340E7255E037700F03CE3 /* Build configuration list for PBXProject "MAD9137_Assignment3" */ = {
			isa = XCConfigurationList;
			buildConfigurations = (
				43434114255E037900F03CE3 /* Debug */,
				43434115255E037900F03CE3 /* Release */,
			);
			defaultConfigurationIsVisible = 0;
			defaultConfigurationName = Release;
		};
		43434116255E037900F03CE3 /* Build configuration list for PBXNativeTarget "MAD9137_Assignment3" */ = {
			isa = XCConfigurationList;
			buildConfigurations = (
				43434117255E037900F03CE3 /* Debug */,
				43434118255E037900F03CE3 /* Release */,
			);
			defaultConfigurationIsVisible = 0;
			defaultConfigurationName = Release;
		};
/* End XCConfigurationList section */
	};
	rootObject = 434340E4255E037700F03CE3 /* Project object */;
}
